
Microsoft Visual Studio Solution File, Format Version 12.00
# Visual Studio Version 18
VisualStudioVersion = 18.6.11806.211 stable
MinimumVisualStudioVersion = 10.0.40219.1
Project("{FAE04EC0-301F-11D3-BF4B-00C04F79EFBC}") = "Memory", "Memory.csproj", "{21A63532-954D-4628-84C1-FB72CDF3C878}"
EndProject
Project("{54435603-DBB4-11D2-8724-00A0C9A8B90C}") = "MemorySetup", "..\MemorySetup\MemorySetup.vdproj", "{5F869E0D-0A90-A5AC-A49F-2B008FD1BA4E}"
EndProject
Global
	GlobalSection(SolutionConfigurationPlatforms) = preSolution
		Debug|Any CPU = Debug|Any CPU
		Release|Any CPU = Release|Any CPU
	EndGlobalSection
	GlobalSection(ProjectConfigurationPlatforms) = postSolution
		{21A63532-954D-4628-84C1-FB72CDF3C878}.Debug|Any CPU.ActiveCfg = Debug|Any CPU
		{21A63532-954D-4628-84C1-FB72CDF3C878}.Debug|Any CPU.Build.0 = Debug|Any CPU
		{21A63532-954D-4628-84C1-FB72CDF3C878}.Release|Any CPU.ActiveCfg = Release|Any CPU
		{21A63532-954D-4628-84C1-FB72CDF3C878}.Release|Any CPU.Build.0 = Release|Any CPU
		{5F869E0D-0A90-A5AC-A49F-2B008FD1BA4E}.Debug|Any CPU.ActiveCfg = Debug
		{5F869E0D-0A90-A5AC-A49F-2B008FD1BA4E}.Release|Any CPU.ActiveCfg = Release
	EndGlobalSection
	GlobalSection(SolutionProperties) = preSolution
		HideSolutionNode = FALSE
	EndGlobalSection
	GlobalSection(ExtensibilityGlobals) = postSolution
		SolutionGuid = {4CA139C3-B901-4EF7-81AF-A5857725566E}
	EndGlobalSection
EndGlobal
